
Microsoft Visual Studio Solution File, Format Version 12.00
# Visual Studio Version 17
VisualStudioVersion = 17.0.32014.148
MinimumVisualStudioVersion = 10.0.40219.1
Project("{9A19103F-16F7-4668-BE54-9A1E7A4F7556}") = "Problem18", "Problem18\Problem18.csproj", "{ABB0E3A3-1BA8-412C-8BFE-20C05DA55EC4}"
EndProject
Global
	GlobalSection(SolutionConfigurationPlatforms) = preSolution
		Debug|Any CPU = Debug|Any CPU
		Release|Any CPU = Release|Any CPU
	EndGlobalSection
	GlobalSection(ProjectConfigurationPlatforms) = postSolution
		{ABB0E3A3-1BA8-412C-8BFE-20C05DA55EC4}.Debug|Any CPU.ActiveCfg = Debug|Any CPU
		{ABB0E3A3-1BA8-412C-8BFE-20C05DA55EC4}.Debug|Any CPU.Build.0 = Debug|Any CPU
		{ABB0E3A3-1BA8-412C-8BFE-20C05DA55EC4}.Release|Any CPU.ActiveCfg = Release|Any CPU
		{ABB0E3A3-1BA8-412C-8BFE-20C05DA55EC4}.Release|Any CPU.Build.0 = Release|Any CPU
	EndGlobalSection
	GlobalSection(SolutionProperties) = preSolution
		HideSolutionNode = FALSE
	EndGlobalSection
	GlobalSection(ExtensibilityGlobals) = postSolution
		SolutionGuid = {9A8C09F9-E893-436C-BEA9-81E2B4FA8E44}
	EndGlobalSection
EndGlobal
