
Microsoft Visual Studio Solution File, Format Version 12.00
# Visual Studio Version 17
VisualStudioVersion = 17.0.32014.148
MinimumVisualStudioVersion = 10.0.40219.1
Project("{FAE04EC0-301F-11D3-BF4B-00C04F79EFBC}") = "GardenerModeling", "GardenerModeling\GardenerModeling.csproj", "{C8274E99-A841-4A28-B80F-440B2A730384}"
EndProject
Global
	GlobalSection(SolutionConfigurationPlatforms) = preSolution
		Debug|Any CPU = Debug|Any CPU
		Release|Any CPU = Release|Any CPU
	EndGlobalSection
	GlobalSection(ProjectConfigurationPlatforms) = postSolution
		{C8274E99-A841-4A28-B80F-440B2A730384}.Debug|Any CPU.ActiveCfg = Debug|Any CPU
		{C8274E99-A841-4A28-B80F-440B2A730384}.Debug|Any CPU.Build.0 = Debug|Any CPU
		{C8274E99-A841-4A28-B80F-440B2A730384}.Release|Any CPU.ActiveCfg = Release|Any CPU
		{C8274E99-A841-4A28-B80F-440B2A730384}.Release|Any CPU.Build.0 = Release|Any CPU
	EndGlobalSection
	GlobalSection(SolutionProperties) = preSolution
		HideSolutionNode = FALSE
	EndGlobalSection
	GlobalSection(ExtensibilityGlobals) = postSolution
		SolutionGuid = {F7ED6D26-37AB-489D-8B14-8814190C57EC}
	EndGlobalSection
EndGlobal
