
Microsoft Visual Studio Solution File, Format Version 12.00
# Visual Studio Version 17
VisualStudioVersion = 17.0.32014.148
MinimumVisualStudioVersion = 10.0.40219.1
Project("{9A19103F-16F7-4668-BE54-9A1E7A4F7556}") = "Problem12", "Problem12\Problem12.csproj", "{217E753C-50A3-48C2-BDD8-971F969BEA16}"
EndProject
Project("{FAE04EC0-301F-11D3-BF4B-00C04F79EFBC}") = "LibraryReaders", "LibraryReaders\LibraryReaders.csproj", "{8B90F6DB-87A1-46A4-9B47-A8DF70662FA3}"
EndProject
Project("{FAE04EC0-301F-11D3-BF4B-00C04F79EFBC}") = "WeatherNotification", "WeatherNotification\WeatherNotification.csproj", "{682DD06C-1740-4A1A-9090-502B2D5F5509}"
EndProject
Project("{FAE04EC0-301F-11D3-BF4B-00C04F79EFBC}") = "ReadersAndWriters", "ReadersAndWriters\ReadersAndWriters.csproj", "{DF8959EC-7F11-4142-8571-4B516E320194}"
EndProject
Project("{FAE04EC0-301F-11D3-BF4B-00C04F79EFBC}") = "ProducerConsumer", "ProducerConsumer\ProducerConsumer.csproj", "{5DAED533-8E6B-413F-B1E2-D6C57D9668D8}"
EndProject
Global
	GlobalSection(SolutionConfigurationPlatforms) = preSolution
		Debug|Any CPU = Debug|Any CPU
		Release|Any CPU = Release|Any CPU
	EndGlobalSection
	GlobalSection(ProjectConfigurationPlatforms) = postSolution
		{217E753C-50A3-48C2-BDD8-971F969BEA16}.Debug|Any CPU.ActiveCfg = Debug|Any CPU
		{217E753C-50A3-48C2-BDD8-971F969BEA16}.Debug|Any CPU.Build.0 = Debug|Any CPU
		{217E753C-50A3-48C2-BDD8-971F969BEA16}.Release|Any CPU.ActiveCfg = Release|Any CPU
		{217E753C-50A3-48C2-BDD8-971F969BEA16}.Release|Any CPU.Build.0 = Release|Any CPU
		{8B90F6DB-87A1-46A4-9B47-A8DF70662FA3}.Debug|Any CPU.ActiveCfg = Debug|Any CPU
		{8B90F6DB-87A1-46A4-9B47-A8DF70662FA3}.Debug|Any CPU.Build.0 = Debug|Any CPU
		{8B90F6DB-87A1-46A4-9B47-A8DF70662FA3}.Release|Any CPU.ActiveCfg = Release|Any CPU
		{8B90F6DB-87A1-46A4-9B47-A8DF70662FA3}.Release|Any CPU.Build.0 = Release|Any CPU
		{682DD06C-1740-4A1A-9090-502B2D5F5509}.Debug|Any CPU.ActiveCfg = Debug|Any CPU
		{682DD06C-1740-4A1A-9090-502B2D5F5509}.Debug|Any CPU.Build.0 = Debug|Any CPU
		{682DD06C-1740-4A1A-9090-502B2D5F5509}.Release|Any CPU.ActiveCfg = Release|Any CPU
		{682DD06C-1740-4A1A-9090-502B2D5F5509}.Release|Any CPU.Build.0 = Release|Any CPU
		{DF8959EC-7F11-4142-8571-4B516E320194}.Debug|Any CPU.ActiveCfg = Debug|Any CPU
		{DF8959EC-7F11-4142-8571-4B516E320194}.Debug|Any CPU.Build.0 = Debug|Any CPU
		{DF8959EC-7F11-4142-8571-4B516E320194}.Release|Any CPU.ActiveCfg = Release|Any CPU
		{DF8959EC-7F11-4142-8571-4B516E320194}.Release|Any CPU.Build.0 = Release|Any CPU
		{5DAED533-8E6B-413F-B1E2-D6C57D9668D8}.Debug|Any CPU.ActiveCfg = Debug|Any CPU
		{5DAED533-8E6B-413F-B1E2-D6C57D9668D8}.Debug|Any CPU.Build.0 = Debug|Any CPU
		{5DAED533-8E6B-413F-B1E2-D6C57D9668D8}.Release|Any CPU.ActiveCfg = Release|Any CPU
		{5DAED533-8E6B-413F-B1E2-D6C57D9668D8}.Release|Any CPU.Build.0 = Release|Any CPU
	EndGlobalSection
	GlobalSection(SolutionProperties) = preSolution
		HideSolutionNode = FALSE
	EndGlobalSection
	GlobalSection(ExtensibilityGlobals) = postSolution
		SolutionGuid = {2FB2A05D-9107-4799-BA04-5D5FD64C6086}
	EndGlobalSection
EndGlobal
