
Microsoft Visual Studio Solution File, Format Version 12.00
# Visual Studio Version 17
VisualStudioVersion = 17.0.32014.148
MinimumVisualStudioVersion = 10.0.40219.1
Project("{9A19103F-16F7-4668-BE54-9A1E7A4F7556}") = "Problem13", "Problem13\Problem13.csproj", "{4DF022ED-6AA4-476A-953A-44AB04C4825F}"
EndProject
Project("{9A19103F-16F7-4668-BE54-9A1E7A4F7556}") = "SecondTask", "SecondTask\SecondTask.csproj", "{FC6E781B-4127-4EFF-B191-9709D2766301}"
EndProject
Project("{9A19103F-16F7-4668-BE54-9A1E7A4F7556}") = "ThirdTask", "ThirdTask\ThirdTask.csproj", "{3C17B29A-928C-4678-8F9A-FAFFC743C5F4}"
EndProject
Project("{FAE04EC0-301F-11D3-BF4B-00C04F79EFBC}") = "FourthTask", "FourthTask\FourthTask.csproj", "{53F20461-68BF-4138-A762-C9FEB82A00D3}"
EndProject
Global
	GlobalSection(SolutionConfigurationPlatforms) = preSolution
		Debug|Any CPU = Debug|Any CPU
		Release|Any CPU = Release|Any CPU
	EndGlobalSection
	GlobalSection(ProjectConfigurationPlatforms) = postSolution
		{4DF022ED-6AA4-476A-953A-44AB04C4825F}.Debug|Any CPU.ActiveCfg = Debug|Any CPU
		{4DF022ED-6AA4-476A-953A-44AB04C4825F}.Debug|Any CPU.Build.0 = Debug|Any CPU
		{4DF022ED-6AA4-476A-953A-44AB04C4825F}.Release|Any CPU.ActiveCfg = Release|Any CPU
		{4DF022ED-6AA4-476A-953A-44AB04C4825F}.Release|Any CPU.Build.0 = Release|Any CPU
		{FC6E781B-4127-4EFF-B191-9709D2766301}.Debug|Any CPU.ActiveCfg = Debug|Any CPU
		{FC6E781B-4127-4EFF-B191-9709D2766301}.Debug|Any CPU.Build.0 = Debug|Any CPU
		{FC6E781B-4127-4EFF-B191-9709D2766301}.Release|Any CPU.ActiveCfg = Release|Any CPU
		{FC6E781B-4127-4EFF-B191-9709D2766301}.Release|Any CPU.Build.0 = Release|Any CPU
		{3C17B29A-928C-4678-8F9A-FAFFC743C5F4}.Debug|Any CPU.ActiveCfg = Debug|Any CPU
		{3C17B29A-928C-4678-8F9A-FAFFC743C5F4}.Debug|Any CPU.Build.0 = Debug|Any CPU
		{3C17B29A-928C-4678-8F9A-FAFFC743C5F4}.Release|Any CPU.ActiveCfg = Release|Any CPU
		{3C17B29A-928C-4678-8F9A-FAFFC743C5F4}.Release|Any CPU.Build.0 = Release|Any CPU
		{53F20461-68BF-4138-A762-C9FEB82A00D3}.Debug|Any CPU.ActiveCfg = Debug|Any CPU
		{53F20461-68BF-4138-A762-C9FEB82A00D3}.Debug|Any CPU.Build.0 = Debug|Any CPU
		{53F20461-68BF-4138-A762-C9FEB82A00D3}.Release|Any CPU.ActiveCfg = Release|Any CPU
		{53F20461-68BF-4138-A762-C9FEB82A00D3}.Release|Any CPU.Build.0 = Release|Any CPU
	EndGlobalSection
	GlobalSection(SolutionProperties) = preSolution
		HideSolutionNode = FALSE
	EndGlobalSection
	GlobalSection(ExtensibilityGlobals) = postSolution
		SolutionGuid = {C91085EF-6112-4E32-8228-32BC3A76CBC0}
	EndGlobalSection
EndGlobal
